// !$*UTF8*$!
{
	archiveVersion = 1;
	classes = {
	};
	objectVersion = 77;
	objects = {

/* Begin PBXBuildFile section */
		F3BDE0922D7FC6C700D26B3D /* Persistence.swift in Sources */ = {isa = PBXBuildFile; fileRef = F3BDE0912D7FC6C700D26B3D /* Persistence.swift */; };
		F3BDE0952D7FC6C700D26B3D /* kontroll_menu_bar_extra.xcdatamodeld in Sources */ = {isa = PBXBuildFile; fileRef = F3BDE0932D7FC6C700D26B3D /* kontroll_menu_bar_extra.xcdatamodeld */; };
		F3BDE0BE2D7FC99A00D26B3D /* AppDelegate.swift in Sources */ = {isa = PBXBuildFile; fileRef = F3BDE0BD2D7FC99A00D26B3D /* AppDelegate.swift */; };
		F3BDE0C02D7FCA2A00D26B3D /* PopoverView.swift in Sources */ = {isa = PBXBuildFile; fileRef = F3BDE0BF2D7FCA2A00D26B3D /* PopoverView.swift */; };
		F3BDE0C42D7FCAF100D26B3D /* StatusBarController.swift in Sources */ = {isa = PBXBuildFile; fileRef = F3BDE0C32D7FCAF100D26B3D /* StatusBarController.swift */; };
		F3BDE0CF2D7FCF7800D26B3D /* ContentView.swift in Sources */ = {isa = PBXBuildFile; fileRef = F3BDE0CB2D7FCF7800D26B3D /* ContentView.swift */; };
		F3BDE0D02D7FCF7800D26B3D /* kontroll_menu_bar_extraApp.swift in Sources */ = {isa = PBXBuildFile; fileRef = F3BDE0CD2D7FCF7800D26B3D /* kontroll_menu_bar_extraApp.swift */; };
		F3BDE0D12D7FCF7800D26B3D /* Preview Assets.xcassets in Resources */ = {isa = PBXBuildFile; fileRef = F3BDE0C82D7FCF7800D26B3D /* Preview Assets.xcassets */; };
		F3BDE0D22D7FCF7800D26B3D /* Assets.xcassets in Resources */ = {isa = PBXBuildFile; fileRef = F3BDE0CA2D7FCF7800D26B3D /* Assets.xcassets */; };
		F3BDE0D62D7FE14D00D26B3D /* keymapp.protoc in Resources */ = {isa = PBXBuildFile; fileRef = F3BDE0D52D7FE14500D26B3D /* keymapp.protoc */; };
/* End PBXBuildFile section */

/* Begin PBXContainerItemProxy section */
		F3BDE09C2D7FC6C700D26B3D /* PBXContainerItemProxy */ = {
			isa = PBXContainerItemProxy;
			containerPortal = F3BDE07D2D7FC6C600D26B3D /* Project object */;
			proxyType = 1;
			remoteGlobalIDString = F3BDE0842D7FC6C600D26B3D;
			remoteInfo = "kontroll-menu-bar-extra";
		};
		F3BDE0A62D7FC6C700D26B3D /* PBXContainerItemProxy */ = {
			isa = PBXContainerItemProxy;
			containerPortal = F3BDE07D2D7FC6C600D26B3D /* Project object */;
			proxyType = 1;
			remoteGlobalIDString = F3BDE0842D7FC6C600D26B3D;
			remoteInfo = "kontroll-menu-bar-extra";
		};
/* End PBXContainerItemProxy section */

/* Begin PBXFileReference section */
		F3BDE0852D7FC6C600D26B3D /* kontroll-menu-bar-extra.app */ = {isa = PBXFileReference; explicitFileType = wrapper.application; includeInIndex = 0; path = "kontroll-menu-bar-extra.app"; sourceTree = BUILT_PRODUCTS_DIR; };
		F3BDE0912D7FC6C700D26B3D /* Persistence.swift */ = {isa = PBXFileReference; lastKnownFileType = sourcecode.swift; path = Persistence.swift; sourceTree = "<group>"; };
		F3BDE0942D7FC6C700D26B3D /* kontroll_menu_bar_extra.xcdatamodel */ = {isa = PBXFileReference; lastKnownFileType = wrapper.xcdatamodel; path = kontroll_menu_bar_extra.xcdatamodel; sourceTree = "<group>"; };
		F3BDE09B2D7FC6C700D26B3D /* kontroll-menu-bar-extraTests.xctest */ = {isa = PBXFileReference; explicitFileType = wrapper.cfbundle; includeInIndex = 0; path = "kontroll-menu-bar-extraTests.xctest"; sourceTree = BUILT_PRODUCTS_DIR; };
		F3BDE0A52D7FC6C700D26B3D /* kontroll-menu-bar-extraUITests.xctest */ = {isa = PBXFileReference; explicitFileType = wrapper.cfbundle; includeInIndex = 0; path = "kontroll-menu-bar-extraUITests.xctest"; sourceTree = BUILT_PRODUCTS_DIR; };
		F3BDE0BD2D7FC99A00D26B3D /* AppDelegate.swift */ = {isa = PBXFileReference; lastKnownFileType = sourcecode.swift; path = AppDelegate.swift; sourceTree = "<group>"; };
		F3BDE0BF2D7FCA2A00D26B3D /* PopoverView.swift */ = {isa = PBXFileReference; lastKnownFileType = sourcecode.swift; path = PopoverView.swift; sourceTree = "<group>"; };
		F3BDE0C32D7FCAF100D26B3D /* StatusBarController.swift */ = {isa = PBXFileReference; lastKnownFileType = sourcecode.swift; path = StatusBarController.swift; sourceTree = "<group>"; };
		F3BDE0C82D7FCF7800D26B3D /* Preview Assets.xcassets */ = {isa = PBXFileReference; lastKnownFileType = folder.assetcatalog; path = "Preview Assets.xcassets"; sourceTree = "<group>"; };
		F3BDE0CA2D7FCF7800D26B3D /* Assets.xcassets */ = {isa = PBXFileReference; lastKnownFileType = folder.assetcatalog; path = Assets.xcassets; sourceTree = "<group>"; };
		F3BDE0CB2D7FCF7800D26B3D /* ContentView.swift */ = {isa = PBXFileReference; lastKnownFileType = sourcecode.swift; path = ContentView.swift; sourceTree = "<group>"; };
		F3BDE0CC2D7FCF7800D26B3D /* kontroll_menu_bar_extra.entitlements */ = {isa = PBXFileReference; lastKnownFileType = text.plist.entitlements; path = kontroll_menu_bar_extra.entitlements; sourceTree = "<group>"; };
		F3BDE0CD2D7FCF7800D26B3D /* kontroll_menu_bar_extraApp.swift */ = {isa = PBXFileReference; lastKnownFileType = sourcecode.swift; path = kontroll_menu_bar_extraApp.swift; sourceTree = "<group>"; };
		F3BDE0D52D7FE14500D26B3D /* keymapp.protoc */ = {isa = PBXFileReference; lastKnownFileType = text; path = keymapp.protoc; sourceTree = "<group>"; };
/* End PBXFileReference section */

/* Begin PBXFileSystemSynchronizedRootGroup section */
		F3BDE09E2D7FC6C700D26B3D /* kontroll-menu-bar-extraTests */ = {
			isa = PBXFileSystemSynchronizedRootGroup;
			path = "kontroll-menu-bar-extraTests";
			sourceTree = "<group>";
		};
		F3BDE0A82D7FC6C700D26B3D /* kontroll-menu-bar-extraUITests */ = {
			isa = PBXFileSystemSynchronizedRootGroup;
			path = "kontroll-menu-bar-extraUITests";
			sourceTree = "<group>";
		};
/* End PBXFileSystemSynchronizedRootGroup section */

/* Begin PBXFrameworksBuildPhase section */
		F3BDE0822D7FC6C600D26B3D /* Frameworks */ = {
			isa = PBXFrameworksBuildPhase;
			buildActionMask = 2147483647;
			files = (
			);
			runOnlyForDeploymentPostprocessing = 0;
		};
		F3BDE0982D7FC6C700D26B3D /* Frameworks */ = {
			isa = PBXFrameworksBuildPhase;
			buildActionMask = 2147483647;
			files = (
			);
			runOnlyForDeploymentPostprocessing = 0;
		};
		F3BDE0A22D7FC6C700D26B3D /* Frameworks */ = {
			isa = PBXFrameworksBuildPhase;
			buildActionMask = 2147483647;
			files = (
			);
			runOnlyForDeploymentPostprocessing = 0;
		};
/* End PBXFrameworksBuildPhase section */

/* Begin PBXGroup section */
		F3BDE07C2D7FC6C600D26B3D = {
			isa = PBXGroup;
			children = (
				F3BDE0CE2D7FCF7800D26B3D /* kontroll-menu-bar-extra */,
				F3BDE0862D7FC6C600D26B3D /* Products */,
			);
			sourceTree = "<group>";
		};
		F3BDE0862D7FC6C600D26B3D /* Products */ = {
			isa = PBXGroup;
			children = (
				F3BDE0852D7FC6C600D26B3D /* kontroll-menu-bar-extra.app */,
				F3BDE09B2D7FC6C700D26B3D /* kontroll-menu-bar-extraTests.xctest */,
				F3BDE0A52D7FC6C700D26B3D /* kontroll-menu-bar-extraUITests.xctest */,
			);
			name = Products;
			sourceTree = "<group>";
		};
		F3BDE0C52D7FCF0B00D26B3D /* CoreData */ = {
			isa = PBXGroup;
			children = (
				F3BDE0932D7FC6C700D26B3D /* kontroll_menu_bar_extra.xcdatamodeld */,
				F3BDE0912D7FC6C700D26B3D /* Persistence.swift */,
			);
			path = CoreData;
			sourceTree = "<group>";
		};
		F3BDE0C62D7FCF2B00D26B3D /* Menubar */ = {
			isa = PBXGroup;
			children = (
				F3BDE0BD2D7FC99A00D26B3D /* AppDelegate.swift */,
				F3BDE0C32D7FCAF100D26B3D /* StatusBarController.swift */,
			);
			path = Menubar;
			sourceTree = "<group>";
		};
		F3BDE0C92D7FCF7800D26B3D /* Preview Content */ = {
			isa = PBXGroup;
			children = (
				F3BDE0C82D7FCF7800D26B3D /* Preview Assets.xcassets */,
			);
			path = "Preview Content";
			sourceTree = "<group>";
		};
		F3BDE0CE2D7FCF7800D26B3D /* kontroll-menu-bar-extra */ = {
			isa = PBXGroup;
			children = (
				F3BDE0D52D7FE14500D26B3D /* keymapp.protoc */,
				F3BDE0C52D7FCF0B00D26B3D /* CoreData */,
				F3BDE0C62D7FCF2B00D26B3D /* Menubar */,
				F3BDE0CA2D7FCF7800D26B3D /* Assets.xcassets */,
				F3BDE0CB2D7FCF7800D26B3D /* ContentView.swift */,
				F3BDE0BF2D7FCA2A00D26B3D /* PopoverView.swift */,
				F3BDE0CC2D7FCF7800D26B3D /* kontroll_menu_bar_extra.entitlements */,
				F3BDE0CD2D7FCF7800D26B3D /* kontroll_menu_bar_extraApp.swift */,
				F3BDE0C92D7FCF7800D26B3D /* Preview Content */,
				F3BDE0D32D7FCF8800D26B3D /* Tests */,
			);
			path = "kontroll-menu-bar-extra";
			sourceTree = "<group>";
		};
		F3BDE0D32D7FCF8800D26B3D /* Tests */ = {
			isa = PBXGroup;
			children = (
				F3BDE09E2D7FC6C700D26B3D /* kontroll-menu-bar-extraTests */,
				F3BDE0A82D7FC6C700D26B3D /* kontroll-menu-bar-extraUITests */,
			);
			path = Tests;
			sourceTree = "<group>";
		};
/* End PBXGroup section */

/* Begin PBXNativeTarget section */
		F3BDE0842D7FC6C600D26B3D /* kontroll-menu-bar-extra */ = {
			isa = PBXNativeTarget;
			buildConfigurationList = F3BDE0AF2D7FC6C700D26B3D /* Build configuration list for PBXNativeTarget "kontroll-menu-bar-extra" */;
			buildPhases = (
				F3BDE0812D7FC6C600D26B3D /* Sources */,
				F3BDE0822D7FC6C600D26B3D /* Frameworks */,
				F3BDE0832D7FC6C600D26B3D /* Resources */,
			);
			buildRules = (
			);
			dependencies = (
			);
			name = "kontroll-menu-bar-extra";
			packageProductDependencies = (
			);
			productName = "kontroll-menu-bar-extra";
			productReference = F3BDE0852D7FC6C600D26B3D /* kontroll-menu-bar-extra.app */;
			productType = "com.apple.product-type.application";
		};
		F3BDE09A2D7FC6C700D26B3D /* kontroll-menu-bar-extraTests */ = {
			isa = PBXNativeTarget;
			buildConfigurationList = F3BDE0B22D7FC6C700D26B3D /* Build configuration list for PBXNativeTarget "kontroll-menu-bar-extraTests" */;
			buildPhases = (
				F3BDE0972D7FC6C700D26B3D /* Sources */,
				F3BDE0982D7FC6C700D26B3D /* Frameworks */,
				F3BDE0992D7FC6C700D26B3D /* Resources */,
			);
			buildRules = (
			);
			dependencies = (
				F3BDE09D2D7FC6C700D26B3D /* PBXTargetDependency */,
			);
			fileSystemSynchronizedGroups = (
				F3BDE09E2D7FC6C700D26B3D /* kontroll-menu-bar-extraTests */,
			);
			name = "kontroll-menu-bar-extraTests";
			packageProductDependencies = (
			);
			productName = "kontroll-menu-bar-extraTests";
			productReference = F3BDE09B2D7FC6C700D26B3D /* kontroll-menu-bar-extraTests.xctest */;
			productType = "com.apple.product-type.bundle.unit-test";
		};
		F3BDE0A42D7FC6C700D26B3D /* kontroll-menu-bar-extraUITests */ = {
			isa = PBXNativeTarget;
			buildConfigurationList = F3BDE0B52D7FC6C700D26B3D /* Build configuration list for PBXNativeTarget "kontroll-menu-bar-extraUITests" */;
			buildPhases = (
				F3BDE0A12D7FC6C700D26B3D /* Sources */,
				F3BDE0A22D7FC6C700D26B3D /* Frameworks */,
				F3BDE0A32D7FC6C700D26B3D /* Resources */,
			);
			buildRules = (
			);
			dependencies = (
				F3BDE0A72D7FC6C700D26B3D /* PBXTargetDependency */,
			);
			fileSystemSynchronizedGroups = (
				F3BDE0A82D7FC6C700D26B3D /* kontroll-menu-bar-extraUITests */,
			);
			name = "kontroll-menu-bar-extraUITests";
			packageProductDependencies = (
			);
			productName = "kontroll-menu-bar-extraUITests";
			productReference = F3BDE0A52D7FC6C700D26B3D /* kontroll-menu-bar-extraUITests.xctest */;
			productType = "com.apple.product-type.bundle.ui-testing";
		};
/* End PBXNativeTarget section */

/* Begin PBXProject section */
		F3BDE07D2D7FC6C600D26B3D /* Project object */ = {
			isa = PBXProject;
			attributes = {
				BuildIndependentTargetsInParallel = 1;
				LastSwiftUpdateCheck = 1620;
				LastUpgradeCheck = 1620;
				TargetAttributes = {
					F3BDE0842D7FC6C600D26B3D = {
						CreatedOnToolsVersion = 16.2;
					};
					F3BDE09A2D7FC6C700D26B3D = {
						CreatedOnToolsVersion = 16.2;
						TestTargetID = F3BDE0842D7FC6C600D26B3D;
					};
					F3BDE0A42D7FC6C700D26B3D = {
						CreatedOnToolsVersion = 16.2;
						TestTargetID = F3BDE0842D7FC6C600D26B3D;
					};
				};
			};
			buildConfigurationList = F3BDE0802D7FC6C600D26B3D /* Build configuration list for PBXProject "kontroll-menu-bar-extra" */;
			developmentRegion = en;
			hasScannedForEncodings = 0;
			knownRegions = (
				en,
				Base,
			);
			mainGroup = F3BDE07C2D7FC6C600D26B3D;
			minimizedProjectReferenceProxies = 1;
			packageReferences = (
				F3BDE0D42D7FE12200D26B3D /* XCRemoteSwiftPackageReference "swift-protobuf" */,
			);
			preferredProjectObjectVersion = 77;
			productRefGroup = F3BDE0862D7FC6C600D26B3D /* Products */;
			projectDirPath = "";
			projectRoot = "";
			targets = (
				F3BDE0842D7FC6C600D26B3D /* kontroll-menu-bar-extra */,
				F3BDE09A2D7FC6C700D26B3D /* kontroll-menu-bar-extraTests */,
				F3BDE0A42D7FC6C700D26B3D /* kontroll-menu-bar-extraUITests */,
			);
		};
/* End PBXProject section */

/* Begin PBXResourcesBuildPhase section */
		F3BDE0832D7FC6C600D26B3D /* Resources */ = {
			isa = PBXResourcesBuildPhase;
			buildActionMask = 2147483647;
			files = (
				F3BDE0D12D7FCF7800D26B3D /* Preview Assets.xcassets in Resources */,
				F3BDE0D22D7FCF7800D26B3D /* Assets.xcassets in Resources */,
				F3BDE0D62D7FE14D00D26B3D /* keymapp.protoc in Resources */,
			);
			runOnlyForDeploymentPostprocessing = 0;
		};
		F3BDE0992D7FC6C700D26B3D /* Resources */ = {
			isa = PBXResourcesBuildPhase;
			buildActionMask = 2147483647;
			files = (
			);
			runOnlyForDeploymentPostprocessing = 0;
		};
		F3BDE0A32D7FC6C700D26B3D /* Resources */ = {
			isa = PBXResourcesBuildPhase;
			buildActionMask = 2147483647;
			files = (
			);
			runOnlyForDeploymentPostprocessing = 0;
		};
/* End PBXResourcesBuildPhase section */

/* Begin PBXSourcesBuildPhase section */
		F3BDE0812D7FC6C600D26B3D /* Sources */ = {
			isa = PBXSourcesBuildPhase;
			buildActionMask = 2147483647;
			files = (
				F3BDE0C02D7FCA2A00D26B3D /* PopoverView.swift in Sources */,
				F3BDE0C42D7FCAF100D26B3D /* StatusBarController.swift in Sources */,
				F3BDE0952D7FC6C700D26B3D /* kontroll_menu_bar_extra.xcdatamodeld in Sources */,
				F3BDE0922D7FC6C700D26B3D /* Persistence.swift in Sources */,
				F3BDE0CF2D7FCF7800D26B3D /* ContentView.swift in Sources */,
				F3BDE0D02D7FCF7800D26B3D /* kontroll_menu_bar_extraApp.swift in Sources */,
				F3BDE0BE2D7FC99A00D26B3D /* AppDelegate.swift in Sources */,
			);
			runOnlyForDeploymentPostprocessing = 0;
		};
		F3BDE0972D7FC6C700D26B3D /* Sources */ = {
			isa = PBXSourcesBuildPhase;
			buildActionMask = 2147483647;
			files = (
			);
			runOnlyForDeploymentPostprocessing = 0;
		};
		F3BDE0A12D7FC6C700D26B3D /* Sources */ = {
			isa = PBXSourcesBuildPhase;
			buildActionMask = 2147483647;
			files = (
			);
			runOnlyForDeploymentPostprocessing = 0;
		};
/* End PBXSourcesBuildPhase section */

/* Begin PBXTargetDependency section */
		F3BDE09D2D7FC6C700D26B3D /* PBXTargetDependency */ = {
			isa = PBXTargetDependency;
			target = F3BDE0842D7FC6C600D26B3D /* kontroll-menu-bar-extra */;
			targetProxy = F3BDE09C2D7FC6C700D26B3D /* PBXContainerItemProxy */;
		};
		F3BDE0A72D7FC6C700D26B3D /* PBXTargetDependency */ = {
			isa = PBXTargetDependency;
			target = F3BDE0842D7FC6C600D26B3D /* kontroll-menu-bar-extra */;
			targetProxy = F3BDE0A62D7FC6C700D26B3D /* PBXContainerItemProxy */;
		};
/* End PBXTargetDependency section */

/* Begin XCBuildConfiguration section */
		F3BDE0AD2D7FC6C700D26B3D /* Debug */ = {
			isa = XCBuildConfiguration;
			buildSettings = {
				ALWAYS_SEARCH_USER_PATHS = NO;
				ASSETCATALOG_COMPILER_GENERATE_SWIFT_ASSET_SYMBOL_EXTENSIONS = YES;
				CLANG_ANALYZER_NONNULL = YES;
				CLANG_ANALYZER_NUMBER_OBJECT_CONVERSION = YES_AGGRESSIVE;
				CLANG_CXX_LANGUAGE_STANDARD = "gnu++20";
				CLANG_ENABLE_MODULES = YES;
				CLANG_ENABLE_OBJC_ARC = YES;
				CLANG_ENABLE_OBJC_WEAK = YES;
				CLANG_WARN_BLOCK_CAPTURE_AUTORELEASING = YES;
				CLANG_WARN_BOOL_CONVERSION = YES;
				CLANG_WARN_COMMA = YES;
				CLANG_WARN_CONSTANT_CONVERSION = YES;
				CLANG_WARN_DEPRECATED_OBJC_IMPLEMENTATIONS = YES;
				CLANG_WARN_DIRECT_OBJC_ISA_USAGE = YES_ERROR;
				CLANG_WARN_DOCUMENTATION_COMMENTS = YES;
				CLANG_WARN_EMPTY_BODY = YES;
				CLANG_WARN_ENUM_CONVERSION = YES;
				CLANG_WARN_INFINITE_RECURSION = YES;
				CLANG_WARN_INT_CONVERSION = YES;
				CLANG_WARN_NON_LITERAL_NULL_CONVERSION = YES;
				CLANG_WARN_OBJC_IMPLICIT_RETAIN_SELF = YES;
				CLANG_WARN_OBJC_LITERAL_CONVERSION = YES;
				CLANG_WARN_OBJC_ROOT_CLASS = YES_ERROR;
				CLANG_WARN_QUOTED_INCLUDE_IN_FRAMEWORK_HEADER = YES;
				CLANG_WARN_RANGE_LOOP_ANALYSIS = YES;
				CLANG_WARN_STRICT_PROTOTYPES = YES;
				CLANG_WARN_SUSPICIOUS_MOVE = YES;
				CLANG_WARN_UNGUARDED_AVAILABILITY = YES_AGGRESSIVE;
				CLANG_WARN_UNREACHABLE_CODE = YES;
				CLANG_WARN__DUPLICATE_METHOD_MATCH = YES;
				COPY_PHASE_STRIP = NO;
				DEBUG_INFORMATION_FORMAT = dwarf;
				ENABLE_STRICT_OBJC_MSGSEND = YES;
				ENABLE_TESTABILITY = YES;
				ENABLE_USER_SCRIPT_SANDBOXING = YES;
				GCC_C_LANGUAGE_STANDARD = gnu17;
				GCC_DYNAMIC_NO_PIC = NO;
				GCC_NO_COMMON_BLOCKS = YES;
				GCC_OPTIMIZATION_LEVEL = 0;
				GCC_PREPROCESSOR_DEFINITIONS = (
					"DEBUG=1",
					"$(inherited)",
				);
				GCC_WARN_64_TO_32_BIT_CONVERSION = YES;
				GCC_WARN_ABOUT_RETURN_TYPE = YES_ERROR;
				GCC_WARN_UNDECLARED_SELECTOR = YES;
				GCC_WARN_UNINITIALIZED_AUTOS = YES_AGGRESSIVE;
				GCC_WARN_UNUSED_FUNCTION = YES;
				GCC_WARN_UNUSED_VARIABLE = YES;
				LOCALIZATION_PREFERS_STRING_CATALOGS = YES;
				MACOSX_DEPLOYMENT_TARGET = 15.2;
				MTL_ENABLE_DEBUG_INFO = INCLUDE_SOURCE;
				MTL_FAST_MATH = YES;
				ONLY_ACTIVE_ARCH = YES;
				SDKROOT = macosx;
				SWIFT_ACTIVE_COMPILATION_CONDITIONS = "DEBUG $(inherited)";
				SWIFT_OPTIMIZATION_LEVEL = "-Onone";
			};
			name = Debug;
		};
		F3BDE0AE2D7FC6C700D26B3D /* Release */ = {
			isa = XCBuildConfiguration;
			buildSettings = {
				ALWAYS_SEARCH_USER_PATHS = NO;
				ASSETCATALOG_COMPILER_GENERATE_SWIFT_ASSET_SYMBOL_EXTENSIONS = YES;
				CLANG_ANALYZER_NONNULL = YES;
				CLANG_ANALYZER_NUMBER_OBJECT_CONVERSION = YES_AGGRESSIVE;
				CLANG_CXX_LANGUAGE_STANDARD = "gnu++20";
				CLANG_ENABLE_MODULES = YES;
				CLANG_ENABLE_OBJC_ARC = YES;
				CLANG_ENABLE_OBJC_WEAK = YES;
				CLANG_WARN_BLOCK_CAPTURE_AUTORELEASING = YES;
				CLANG_WARN_BOOL_CONVERSION = YES;
				CLANG_WARN_COMMA = YES;
				CLANG_WARN_CONSTANT_CONVERSION = YES;
				CLANG_WARN_DEPRECATED_OBJC_IMPLEMENTATIONS = YES;
				CLANG_WARN_DIRECT_OBJC_ISA_USAGE = YES_ERROR;
				CLANG_WARN_DOCUMENTATION_COMMENTS = YES;
				CLANG_WARN_EMPTY_BODY = YES;
				CLANG_WARN_ENUM_CONVERSION = YES;
				CLANG_WARN_INFINITE_RECURSION = YES;
				CLANG_WARN_INT_CONVERSION = YES;
				CLANG_WARN_NON_LITERAL_NULL_CONVERSION = YES;
				CLANG_WARN_OBJC_IMPLICIT_RETAIN_SELF = YES;
				CLANG_WARN_OBJC_LITERAL_CONVERSION = YES;
				CLANG_WARN_OBJC_ROOT_CLASS = YES_ERROR;
				CLANG_WARN_QUOTED_INCLUDE_IN_FRAMEWORK_HEADER = YES;
				CLANG_WARN_RANGE_LOOP_ANALYSIS = YES;
				CLANG_WARN_STRICT_PROTOTYPES = YES;
				CLANG_WARN_SUSPICIOUS_MOVE = YES;
				CLANG_WARN_UNGUARDED_AVAILABILITY = YES_AGGRESSIVE;
				CLANG_WARN_UNREACHABLE_CODE = YES;
				CLANG_WARN__DUPLICATE_METHOD_MATCH = YES;
				COPY_PHASE_STRIP = NO;
				DEBUG_INFORMATION_FORMAT = "dwarf-with-dsym";
				ENABLE_NS_ASSERTIONS = NO;
				ENABLE_STRICT_OBJC_MSGSEND = YES;
				ENABLE_USER_SCRIPT_SANDBOXING = YES;
				GCC_C_LANGUAGE_STANDARD = gnu17;
				GCC_NO_COMMON_BLOCKS = YES;
				GCC_WARN_64_TO_32_BIT_CONVERSION = YES;
				GCC_WARN_ABOUT_RETURN_TYPE = YES_ERROR;
				GCC_WARN_UNDECLARED_SELECTOR = YES;
				GCC_WARN_UNINITIALIZED_AUTOS = YES_AGGRESSIVE;
				GCC_WARN_UNUSED_FUNCTION = YES;
				GCC_WARN_UNUSED_VARIABLE = YES;
				LOCALIZATION_PREFERS_STRING_CATALOGS = YES;
				MACOSX_DEPLOYMENT_TARGET = 15.2;
				MTL_ENABLE_DEBUG_INFO = NO;
				MTL_FAST_MATH = YES;
				SDKROOT = macosx;
				SWIFT_COMPILATION_MODE = wholemodule;
			};
			name = Release;
		};
		F3BDE0B02D7FC6C700D26B3D /* Debug */ = {
			isa = XCBuildConfiguration;
			buildSettings = {
				ASSETCATALOG_COMPILER_APPICON_NAME = AppIcon;
				ASSETCATALOG_COMPILER_GLOBAL_ACCENT_COLOR_NAME = AccentColor;
				CODE_SIGN_ENTITLEMENTS = "kontroll-menu-bar-extra/kontroll_menu_bar_extra.entitlements";
				CODE_SIGN_STYLE = Automatic;
				COMBINE_HIDPI_IMAGES = YES;
				CURRENT_PROJECT_VERSION = 1;
				DEVELOPMENT_ASSET_PATHS = "\"kontroll-menu-bar-extra/Preview Content\"";
				ENABLE_PREVIEWS = YES;
				GENERATE_INFOPLIST_FILE = YES;
				INFOPLIST_KEY_NSHumanReadableCopyright = "";
				LD_RUNPATH_SEARCH_PATHS = (
					"$(inherited)",
					"@executable_path/../Frameworks",
				);
				MARKETING_VERSION = 1.0;
				PRODUCT_BUNDLE_IDENTIFIER = "io.zsa.kontroll-menu-bar-extra";
				PRODUCT_NAME = "$(TARGET_NAME)";
				SWIFT_EMIT_LOC_STRINGS = YES;
				SWIFT_VERSION = 5.0;
			};
			name = Debug;
		};
		F3BDE0B12D7FC6C700D26B3D /* Release */ = {
			isa = XCBuildConfiguration;
			buildSettings = {
				ASSETCATALOG_COMPILER_APPICON_NAME = AppIcon;
				ASSETCATALOG_COMPILER_GLOBAL_ACCENT_COLOR_NAME = AccentColor;
				CODE_SIGN_ENTITLEMENTS = "kontroll-menu-bar-extra/kontroll_menu_bar_extra.entitlements";
				CODE_SIGN_STYLE = Automatic;
				COMBINE_HIDPI_IMAGES = YES;
				CURRENT_PROJECT_VERSION = 1;
				DEVELOPMENT_ASSET_PATHS = "\"kontroll-menu-bar-extra/Preview Content\"";
				ENABLE_PREVIEWS = YES;
				GENERATE_INFOPLIST_FILE = YES;
				INFOPLIST_KEY_NSHumanReadableCopyright = "";
				LD_RUNPATH_SEARCH_PATHS = (
					"$(inherited)",
					"@executable_path/../Frameworks",
				);
				MARKETING_VERSION = 1.0;
				PRODUCT_BUNDLE_IDENTIFIER = "io.zsa.kontroll-menu-bar-extra";
				PRODUCT_NAME = "$(TARGET_NAME)";
				SWIFT_EMIT_LOC_STRINGS = YES;
				SWIFT_VERSION = 5.0;
			};
			name = Release;
		};
		F3BDE0B32D7FC6C700D26B3D /* Debug */ = {
			isa = XCBuildConfiguration;
			buildSettings = {
				BUNDLE_LOADER = "$(TEST_HOST)";
				CODE_SIGN_STYLE = Automatic;
				CURRENT_PROJECT_VERSION = 1;
				GENERATE_INFOPLIST_FILE = YES;
				MACOSX_DEPLOYMENT_TARGET = 15.2;
				MARKETING_VERSION = 1.0;
				PRODUCT_BUNDLE_IDENTIFIER = "io.zsa.kontroll-menu-bar-extraTests";
				PRODUCT_NAME = "$(TARGET_NAME)";
				SWIFT_EMIT_LOC_STRINGS = NO;
				SWIFT_VERSION = 5.0;
				TEST_HOST = "$(BUILT_PRODUCTS_DIR)/kontroll-menu-bar-extra.app/$(BUNDLE_EXECUTABLE_FOLDER_PATH)/kontroll-menu-bar-extra";
			};
			name = Debug;
		};
		F3BDE0B42D7FC6C700D26B3D /* Release */ = {
			isa = XCBuildConfiguration;
			buildSettings = {
				BUNDLE_LOADER = "$(TEST_HOST)";
				CODE_SIGN_STYLE = Automatic;
				CURRENT_PROJECT_VERSION = 1;
				GENERATE_INFOPLIST_FILE = YES;
				MACOSX_DEPLOYMENT_TARGET = 15.2;
				MARKETING_VERSION = 1.0;
				PRODUCT_BUNDLE_IDENTIFIER = "io.zsa.kontroll-menu-bar-extraTests";
				PRODUCT_NAME = "$(TARGET_NAME)";
				SWIFT_EMIT_LOC_STRINGS = NO;
				SWIFT_VERSION = 5.0;
				TEST_HOST = "$(BUILT_PRODUCTS_DIR)/kontroll-menu-bar-extra.app/$(BUNDLE_EXECUTABLE_FOLDER_PATH)/kontroll-menu-bar-extra";
			};
			name = Release;
		};
		F3BDE0B62D7FC6C700D26B3D /* Debug */ = {
			isa = XCBuildConfiguration;
			buildSettings = {
				CODE_SIGN_STYLE = Automatic;
				CURRENT_PROJECT_VERSION = 1;
				GENERATE_INFOPLIST_FILE = YES;
				MARKETING_VERSION = 1.0;
				PRODUCT_BUNDLE_IDENTIFIER = "io.zsa.kontroll-menu-bar-extraUITests";
				PRODUCT_NAME = "$(TARGET_NAME)";
				SWIFT_EMIT_LOC_STRINGS = NO;
				SWIFT_VERSION = 5.0;
				TEST_TARGET_NAME = "kontroll-menu-bar-extra";
			};
			name = Debug;
		};
		F3BDE0B72D7FC6C700D26B3D /* Release */ = {
			isa = XCBuildConfiguration;
			buildSettings = {
				CODE_SIGN_STYLE = Automatic;
				CURRENT_PROJECT_VERSION = 1;
				GENERATE_INFOPLIST_FILE = YES;
				MARKETING_VERSION = 1.0;
				PRODUCT_BUNDLE_IDENTIFIER = "io.zsa.kontroll-menu-bar-extraUITests";
				PRODUCT_NAME = "$(TARGET_NAME)";
				SWIFT_EMIT_LOC_STRINGS = NO;
				SWIFT_VERSION = 5.0;
				TEST_TARGET_NAME = "kontroll-menu-bar-extra";
			};
			name = Release;
		};
/* End XCBuildConfiguration section */

/* Begin XCConfigurationList section */
		F3BDE0802D7FC6C600D26B3D /* Build configuration list for PBXProject "kontroll-menu-bar-extra" */ = {
			isa = XCConfigurationList;
			buildConfigurations = (
				F3BDE0AD2D7FC6C700D26B3D /* Debug */,
				F3BDE0AE2D7FC6C700D26B3D /* Release */,
			);
			defaultConfigurationIsVisible = 0;
			defaultConfigurationName = Release;
		};
		F3BDE0AF2D7FC6C700D26B3D /* Build configuration list for PBXNativeTarget "kontroll-menu-bar-extra" */ = {
			isa = XCConfigurationList;
			buildConfigurations = (
				F3BDE0B02D7FC6C700D26B3D /* Debug */,
				F3BDE0B12D7FC6C700D26B3D /* Release */,
			);
			defaultConfigurationIsVisible = 0;
			defaultConfigurationName = Release;
		};
		F3BDE0B22D7FC6C700D26B3D /* Build configuration list for PBXNativeTarget "kontroll-menu-bar-extraTests" */ = {
			isa = XCConfigurationList;
			buildConfigurations = (
				F3BDE0B32D7FC6C700D26B3D /* Debug */,
				F3BDE0B42D7FC6C700D26B3D /* Release */,
			);
			defaultConfigurationIsVisible = 0;
			defaultConfigurationName = Release;
		};
		F3BDE0B52D7FC6C700D26B3D /* Build configuration list for PBXNativeTarget "kontroll-menu-bar-extraUITests" */ = {
			isa = XCConfigurationList;
			buildConfigurations = (
				F3BDE0B62D7FC6C700D26B3D /* Debug */,
				F3BDE0B72D7FC6C700D26B3D /* Release */,
			);
			defaultConfigurationIsVisible = 0;
			defaultConfigurationName = Release;
		};
/* End XCConfigurationList section */

/* Begin XCRemoteSwiftPackageReference section */
		F3BDE0D42D7FE12200D26B3D /* XCRemoteSwiftPackageReference "swift-protobuf" */ = {
			isa = XCRemoteSwiftPackageReference;
			repositoryURL = "https://github.com/apple/swift-protobuf.git";
			requirement = {
				kind = upToNextMajorVersion;
				minimumVersion = 1.29.0;
			};
		};
/* End XCRemoteSwiftPackageReference section */

/* Begin XCVersionGroup section */
		F3BDE0932D7FC6C700D26B3D /* kontroll_menu_bar_extra.xcdatamodeld */ = {
			isa = XCVersionGroup;
			children = (
				F3BDE0942D7FC6C700D26B3D /* kontroll_menu_bar_extra.xcdatamodel */,
			);
			currentVersion = F3BDE0942D7FC6C700D26B3D /* kontroll_menu_bar_extra.xcdatamodel */;
			path = kontroll_menu_bar_extra.xcdatamodeld;
			sourceTree = "<group>";
			versionGroupType = wrapper.xcdatamodel;
		};
/* End XCVersionGroup section */
	};
	rootObject = F3BDE07D2D7FC6C600D26B3D /* Project object */;
}
